
Microsoft Visual Studio Solution File, Format Version 12.00
# Visual Studio Version 17
VisualStudioVersion = 17.13.35825.156
MinimumVisualStudioVersion = 10.0.40219.1
Project("{2150E333-8FDC-42A3-9474-1A3956D46DE8}") = "src", "src", "{827E0CD3-B72D-47B6-A68D-7590B98EB39B}"
EndProject
Project("{FAE04EC0-301F-11D3-BF4B-00C04F79EFBC}") = "ParaZeka.Domain", "src\ParaZeka.Domain\ParaZeka.Domain.csproj", "{58035F78-9621-491B-9A0E-70CF05064310}"
EndProject
Project("{FAE04EC0-301F-11D3-BF4B-00C04F79EFBC}") = "ParaZeka.Application", "src\ParaZeka.Application\ParaZeka.Application.csproj", "{F1F7D3F4-7684-4BC3-B6FE-69E783E9376C}"
EndProject
Project("{FAE04EC0-301F-11D3-BF4B-00C04F79EFBC}") = "ParaZeka.Infrastructure", "src\ParaZeka.Infrastructure\ParaZeka.Infrastructure.csproj", "{44C50302-C93B-4577-85A7-3A7EC6F6C32B}"
EndProject
Project("{FAE04EC0-301F-11D3-BF4B-00C04F79EFBC}") = "ParaZeka.Persistence", "src\ParaZeka.Persistence\ParaZeka.Persistence.csproj", "{46C181D7-834C-4DB6-ACF4-E1287FB113B8}"
EndProject
Project("{FAE04EC0-301F-11D3-BF4B-00C04F79EFBC}") = "ParaZeka.API", "src\ParaZeka.API\ParaZeka.API.csproj", "{722DCDD2-AC36-444B-B490-F68E118701CF}"
EndProject
Project("{2150E333-8FDC-42A3-9474-1A3956D46DE8}") = "tests", "tests", "{0AB3BF05-4346-4AA6-1389-037BE0695223}"
EndProject
Project("{FAE04EC0-301F-11D3-BF4B-00C04F79EFBC}") = "ParaZeka.UnitTests", "tests\ParaZeka.UnitTests\ParaZeka.UnitTests.csproj", "{7446E568-3B52-4912-8DCE-25A9B28BDF2A}"
EndProject
Global
	GlobalSection(SolutionConfigurationPlatforms) = preSolution
		Debug|Any CPU = Debug|Any CPU
		Debug|x64 = Debug|x64
		Debug|x86 = Debug|x86
		Release|Any CPU = Release|Any CPU
		Release|x64 = Release|x64
		Release|x86 = Release|x86
	EndGlobalSection
	GlobalSection(ProjectConfigurationPlatforms) = postSolution
		{58035F78-9621-491B-9A0E-70CF05064310}.Debug|Any CPU.ActiveCfg = Debug|Any CPU
		{58035F78-9621-491B-9A0E-70CF05064310}.Debug|Any CPU.Build.0 = Debug|Any CPU
		{58035F78-9621-491B-9A0E-70CF05064310}.Debug|x64.ActiveCfg = Debug|Any CPU
		{58035F78-9621-491B-9A0E-70CF05064310}.Debug|x64.Build.0 = Debug|Any CPU
		{58035F78-9621-491B-9A0E-70CF05064310}.Debug|x86.ActiveCfg = Debug|Any CPU
		{58035F78-9621-491B-9A0E-70CF05064310}.Debug|x86.Build.0 = Debug|Any CPU
		{58035F78-9621-491B-9A0E-70CF05064310}.Release|Any CPU.ActiveCfg = Release|Any CPU
		{58035F78-9621-491B-9A0E-70CF05064310}.Release|Any CPU.Build.0 = Release|Any CPU
		{58035F78-9621-491B-9A0E-70CF05064310}.Release|x64.ActiveCfg = Release|Any CPU
		{58035F78-9621-491B-9A0E-70CF05064310}.Release|x64.Build.0 = Release|Any CPU
		{58035F78-9621-491B-9A0E-70CF05064310}.Release|x86.ActiveCfg = Release|Any CPU
		{58035F78-9621-491B-9A0E-70CF05064310}.Release|x86.Build.0 = Release|Any CPU
		{F1F7D3F4-7684-4BC3-B6FE-69E783E9376C}.Debug|Any CPU.ActiveCfg = Debug|Any CPU
		{F1F7D3F4-7684-4BC3-B6FE-69E783E9376C}.Debug|Any CPU.Build.0 = Debug|Any CPU
		{F1F7D3F4-7684-4BC3-B6FE-69E783E9376C}.Debug|x64.ActiveCfg = Debug|Any CPU
		{F1F7D3F4-7684-4BC3-B6FE-69E783E9376C}.Debug|x64.Build.0 = Debug|Any CPU
		{F1F7D3F4-7684-4BC3-B6FE-69E783E9376C}.Debug|x86.ActiveCfg = Debug|Any CPU
		{F1F7D3F4-7684-4BC3-B6FE-69E783E9376C}.Debug|x86.Build.0 = Debug|Any CPU
		{F1F7D3F4-7684-4BC3-B6FE-69E783E9376C}.Release|Any CPU.ActiveCfg = Release|Any CPU
		{F1F7D3F4-7684-4BC3-B6FE-69E783E9376C}.Release|Any CPU.Build.0 = Release|Any CPU
		{F1F7D3F4-7684-4BC3-B6FE-69E783E9376C}.Release|x64.ActiveCfg = Release|Any CPU
		{F1F7D3F4-7684-4BC3-B6FE-69E783E9376C}.Release|x64.Build.0 = Release|Any CPU
		{F1F7D3F4-7684-4BC3-B6FE-69E783E9376C}.Release|x86.ActiveCfg = Release|Any CPU
		{F1F7D3F4-7684-4BC3-B6FE-69E783E9376C}.Release|x86.Build.0 = Release|Any CPU
		{44C50302-C93B-4577-85A7-3A7EC6F6C32B}.Debug|Any CPU.ActiveCfg = Debug|Any CPU
		{44C50302-C93B-4577-85A7-3A7EC6F6C32B}.Debug|Any CPU.Build.0 = Debug|Any CPU
		{44C50302-C93B-4577-85A7-3A7EC6F6C32B}.Debug|x64.ActiveCfg = Debug|Any CPU
		{44C50302-C93B-4577-85A7-3A7EC6F6C32B}.Debug|x64.Build.0 = Debug|Any CPU
		{44C50302-C93B-4577-85A7-3A7EC6F6C32B}.Debug|x86.ActiveCfg = Debug|Any CPU
		{44C50302-C93B-4577-85A7-3A7EC6F6C32B}.Debug|x86.Build.0 = Debug|Any CPU
		{44C50302-C93B-4577-85A7-3A7EC6F6C32B}.Release|Any CPU.ActiveCfg = Release|Any CPU
		{44C50302-C93B-4577-85A7-3A7EC6F6C32B}.Release|Any CPU.Build.0 = Release|Any CPU
		{44C50302-C93B-4577-85A7-3A7EC6F6C32B}.Release|x64.ActiveCfg = Release|Any CPU
		{44C50302-C93B-4577-85A7-3A7EC6F6C32B}.Release|x64.Build.0 = Release|Any CPU
		{44C50302-C93B-4577-85A7-3A7EC6F6C32B}.Release|x86.ActiveCfg = Release|Any CPU
		{44C50302-C93B-4577-85A7-3A7EC6F6C32B}.Release|x86.Build.0 = Release|Any CPU
		{46C181D7-834C-4DB6-ACF4-E1287FB113B8}.Debug|Any CPU.ActiveCfg = Debug|Any CPU
		{46C181D7-834C-4DB6-ACF4-E1287FB113B8}.Debug|Any CPU.Build.0 = Debug|Any CPU
		{46C181D7-834C-4DB6-ACF4-E1287FB113B8}.Debug|x64.ActiveCfg = Debug|Any CPU
		{46C181D7-834C-4DB6-ACF4-E1287FB113B8}.Debug|x64.Build.0 = Debug|Any CPU
		{46C181D7-834C-4DB6-ACF4-E1287FB113B8}.Debug|x86.ActiveCfg = Debug|Any CPU
		{46C181D7-834C-4DB6-ACF4-E1287FB113B8}.Debug|x86.Build.0 = Debug|Any CPU
		{46C181D7-834C-4DB6-ACF4-E1287FB113B8}.Release|Any CPU.ActiveCfg = Release|Any CPU
		{46C181D7-834C-4DB6-ACF4-E1287FB113B8}.Release|Any CPU.Build.0 = Release|Any CPU
		{46C181D7-834C-4DB6-ACF4-E1287FB113B8}.Release|x64.ActiveCfg = Release|Any CPU
		{46C181D7-834C-4DB6-ACF4-E1287FB113B8}.Release|x64.Build.0 = Release|Any CPU
		{46C181D7-834C-4DB6-ACF4-E1287FB113B8}.Release|x86.ActiveCfg = Release|Any CPU
		{46C181D7-834C-4DB6-ACF4-E1287FB113B8}.Release|x86.Build.0 = Release|Any CPU
		{722DCDD2-AC36-444B-B490-F68E118701CF}.Debug|Any CPU.ActiveCfg = Debug|Any CPU
		{722DCDD2-AC36-444B-B490-F68E118701CF}.Debug|Any CPU.Build.0 = Debug|Any CPU
		{722DCDD2-AC36-444B-B490-F68E118701CF}.Debug|x64.ActiveCfg = Debug|Any CPU
		{722DCDD2-AC36-444B-B490-F68E118701CF}.Debug|x64.Build.0 = Debug|Any CPU
		{722DCDD2-AC36-444B-B490-F68E118701CF}.Debug|x86.ActiveCfg = Debug|Any CPU
		{722DCDD2-AC36-444B-B490-F68E118701CF}.Debug|x86.Build.0 = Debug|Any CPU
		{722DCDD2-AC36-444B-B490-F68E118701CF}.Release|Any CPU.ActiveCfg = Release|Any CPU
		{722DCDD2-AC36-444B-B490-F68E118701CF}.Release|Any CPU.Build.0 = Release|Any CPU
		{722DCDD2-AC36-444B-B490-F68E118701CF}.Release|x64.ActiveCfg = Release|Any CPU
		{722DCDD2-AC36-444B-B490-F68E118701CF}.Release|x64.Build.0 = Release|Any CPU
		{722DCDD2-AC36-444B-B490-F68E118701CF}.Release|x86.ActiveCfg = Release|Any CPU
		{722DCDD2-AC36-444B-B490-F68E118701CF}.Release|x86.Build.0 = Release|Any CPU
		{7446E568-3B52-4912-8DCE-25A9B28BDF2A}.Debug|Any CPU.ActiveCfg = Debug|Any CPU
		{7446E568-3B52-4912-8DCE-25A9B28BDF2A}.Debug|Any CPU.Build.0 = Debug|Any CPU
		{7446E568-3B52-4912-8DCE-25A9B28BDF2A}.Debug|x64.ActiveCfg = Debug|Any CPU
		{7446E568-3B52-4912-8DCE-25A9B28BDF2A}.Debug|x64.Build.0 = Debug|Any CPU
		{7446E568-3B52-4912-8DCE-25A9B28BDF2A}.Debug|x86.ActiveCfg = Debug|Any CPU
		{7446E568-3B52-4912-8DCE-25A9B28BDF2A}.Debug|x86.Build.0 = Debug|Any CPU
		{7446E568-3B52-4912-8DCE-25A9B28BDF2A}.Release|Any CPU.ActiveCfg = Release|Any CPU
		{7446E568-3B52-4912-8DCE-25A9B28BDF2A}.Release|Any CPU.Build.0 = Release|Any CPU
		{7446E568-3B52-4912-8DCE-25A9B28BDF2A}.Release|x64.ActiveCfg = Release|Any CPU
		{7446E568-3B52-4912-8DCE-25A9B28BDF2A}.Release|x64.Build.0 = Release|Any CPU
		{7446E568-3B52-4912-8DCE-25A9B28BDF2A}.Release|x86.ActiveCfg = Release|Any CPU
		{7446E568-3B52-4912-8DCE-25A9B28BDF2A}.Release|x86.Build.0 = Release|Any CPU
	EndGlobalSection
	GlobalSection(SolutionProperties) = preSolution
		HideSolutionNode = FALSE
	EndGlobalSection
	GlobalSection(NestedProjects) = preSolution
		{58035F78-9621-491B-9A0E-70CF05064310} = {827E0CD3-B72D-47B6-A68D-7590B98EB39B}
		{F1F7D3F4-7684-4BC3-B6FE-69E783E9376C} = {827E0CD3-B72D-47B6-A68D-7590B98EB39B}
		{44C50302-C93B-4577-85A7-3A7EC6F6C32B} = {827E0CD3-B72D-47B6-A68D-7590B98EB39B}
		{46C181D7-834C-4DB6-ACF4-E1287FB113B8} = {827E0CD3-B72D-47B6-A68D-7590B98EB39B}
		{722DCDD2-AC36-444B-B490-F68E118701CF} = {827E0CD3-B72D-47B6-A68D-7590B98EB39B}
		{7446E568-3B52-4912-8DCE-25A9B28BDF2A} = {0AB3BF05-4346-4AA6-1389-037BE0695223}
	EndGlobalSection
	GlobalSection(ExtensibilityGlobals) = postSolution
		SolutionGuid = {7C743C3F-31E0-4DA4-87A3-6C8590A5151A}
	EndGlobalSection
EndGlobal
